// !$*UTF8*$!
{
	archiveVersion = 1;
	classes = {
	};
	objectVersion = 46;
	objects = {

/* Begin PBXBuildFile section */
		2E29FB4E1A10ADC500BB457E /* UIKit.framework in Frameworks */ = {isa = PBXBuildFile; fileRef = 2E29FB4D1A10ADC500BB457E /* UIKit.framework */; };
		2E29FB501A10ADCC00BB457E /* Foundation.framework in Frameworks */ = {isa = PBXBuildFile; fileRef = 2E29FB4F1A10ADCC00BB457E /* Foundation.framework */; };
		2E29FB521A10ADD300BB457E /* CoreGraphics.framework in Frameworks */ = {isa = PBXBuildFile; fileRef = 2E29FB511A10ADD300BB457E /* CoreGraphics.framework */; };
		2E29FB551A10C01000BB457E /* DetailViewController.m in Sources */ = {isa = PBXBuildFile; fileRef = 2E29FB541A10C01000BB457E /* DetailViewController.m */; };
		2E29FB5B1A10C2AC00BB457E /* icoTable@2x.png in Resources */ = {isa = PBXBuildFile; fileRef = 2E29FB571A10C2AC00BB457E /* icoTable@2x.png */; };
		2E29FB5C1A10C2AC00BB457E /* icoView@2x.png in Resources */ = {isa = PBXBuildFile; fileRef = 2E29FB581A10C2AC00BB457E /* icoView@2x.png */; };
		2E29FB5D1A10C2AC00BB457E /* navigationbar_background_tall.png in Resources */ = {isa = PBXBuildFile; fileRef = 2E29FB591A10C2AC00BB457E /* navigationbar_background_tall.png */; };
		2E29FB5E1A10C2AC00BB457E /* navigationbar_background_tall@2x.png in Resources */ = {isa = PBXBuildFile; fileRef = 2E29FB5A1A10C2AC00BB457E /* navigationbar_background_tall@2x.png */; };
		2ED5C0DD1A10A53D00C1F11B /* main.m in Sources */ = {isa = PBXBuildFile; fileRef = 2ED5C0DC1A10A53D00C1F11B /* main.m */; };
		2ED5C0E01A10A53D00C1F11B /* AppDelegate.m in Sources */ = {isa = PBXBuildFile; fileRef = 2ED5C0DF1A10A53D00C1F11B /* AppDelegate.m */; };
		2ED5C0E61A10A53D00C1F11B /* Main.storyboard in Resources */ = {isa = PBXBuildFile; fileRef = 2ED5C0E41A10A53D00C1F11B /* Main.storyboard */; };
		2ED5C0E81A10A53D00C1F11B /* Images.xcassets in Resources */ = {isa = PBXBuildFile; fileRef = 2ED5C0E71A10A53D00C1F11B /* Images.xcassets */; };
		2ED5C0EB1A10A53D00C1F11B /* LaunchScreen.xib in Resources */ = {isa = PBXBuildFile; fileRef = 2ED5C0E91A10A53D00C1F11B /* LaunchScreen.xib */; };
		2ED5C0F71A10A53D00C1F11B /* NZScrollFullScreenTests.m in Sources */ = {isa = PBXBuildFile; fileRef = 2ED5C0F61A10A53D00C1F11B /* NZScrollFullScreenTests.m */; };
		2ED5C1021A10A8DD00C1F11B /* TableSampleViewController.m in Sources */ = {isa = PBXBuildFile; fileRef = 2ED5C1011A10A8DD00C1F11B /* TableSampleViewController.m */; };
		2ED5C1051A10A8F700C1F11B /* ViewSampleViewController.m in Sources */ = {isa = PBXBuildFile; fileRef = 2ED5C1041A10A8F700C1F11B /* ViewSampleViewController.m */; };
		2ED5C10F1A10ABA400C1F11B /* HideNavViewController.m in Sources */ = {isa = PBXBuildFile; fileRef = 2ED5C10C1A10ABA400C1F11B /* HideNavViewController.m */; };
		2ED5C1101A10ABA400C1F11B /* UITabBarController+hidable.m in Sources */ = {isa = PBXBuildFile; fileRef = 2ED5C10E1A10ABA400C1F11B /* UITabBarController+hidable.m */; };
/* End PBXBuildFile section */

/* Begin PBXContainerItemProxy section */
		2ED5C0F11A10A53D00C1F11B /* PBXContainerItemProxy */ = {
			isa = PBXContainerItemProxy;
			containerPortal = 2ED5C0CF1A10A53D00C1F11B /* Project object */;
			proxyType = 1;
			remoteGlobalIDString = 2ED5C0D61A10A53D00C1F11B;
			remoteInfo = NZScrollFullScreen;
		};
/* End PBXContainerItemProxy section */

/* Begin PBXFileReference section */
		2E29FB4D1A10ADC500BB457E /* UIKit.framework */ = {isa = PBXFileReference; lastKnownFileType = wrapper.framework; name = UIKit.framework; path = System/Library/Frameworks/UIKit.framework; sourceTree = SDKROOT; };
		2E29FB4F1A10ADCC00BB457E /* Foundation.framework */ = {isa = PBXFileReference; lastKnownFileType = wrapper.framework; name = Foundation.framework; path = System/Library/Frameworks/Foundation.framework; sourceTree = SDKROOT; };
		2E29FB511A10ADD300BB457E /* CoreGraphics.framework */ = {isa = PBXFileReference; lastKnownFileType = wrapper.framework; name = CoreGraphics.framework; path = System/Library/Frameworks/CoreGraphics.framework; sourceTree = SDKROOT; };
		2E29FB531A10C01000BB457E /* DetailViewController.h */ = {isa = PBXFileReference; fileEncoding = 4; lastKnownFileType = sourcecode.c.h; path = DetailViewController.h; sourceTree = "<group>"; };
		2E29FB541A10C01000BB457E /* DetailViewController.m */ = {isa = PBXFileReference; fileEncoding = 4; lastKnownFileType = sourcecode.c.objc; path = DetailViewController.m; sourceTree = "<group>"; };
		2E29FB571A10C2AC00BB457E /* icoTable@2x.png */ = {isa = PBXFileReference; lastKnownFileType = image.png; path = "icoTable@2x.png"; sourceTree = "<group>"; };
		2E29FB581A10C2AC00BB457E /* icoView@2x.png */ = {isa = PBXFileReference; lastKnownFileType = image.png; path = "icoView@2x.png"; sourceTree = "<group>"; };
		2E29FB591A10C2AC00BB457E /* navigationbar_background_tall.png */ = {isa = PBXFileReference; lastKnownFileType = image.png; path = navigationbar_background_tall.png; sourceTree = "<group>"; };
		2E29FB5A1A10C2AC00BB457E /* navigationbar_background_tall@2x.png */ = {isa = PBXFileReference; lastKnownFileType = image.png; path = "navigationbar_background_tall@2x.png"; sourceTree = "<group>"; };
		2ED5C0D71A10A53D00C1F11B /* NZScrollFullScreen.app */ = {isa = PBXFileReference; explicitFileType = wrapper.application; includeInIndex = 0; path = NZScrollFullScreen.app; sourceTree = BUILT_PRODUCTS_DIR; };
		2ED5C0DB1A10A53D00C1F11B /* Info.plist */ = {isa = PBXFileReference; lastKnownFileType = text.plist.xml; path = Info.plist; sourceTree = "<group>"; };
		2ED5C0DC1A10A53D00C1F11B /* main.m */ = {isa = PBXFileReference; lastKnownFileType = sourcecode.c.objc; path = main.m; sourceTree = "<group>"; };
		2ED5C0DE1A10A53D00C1F11B /* AppDelegate.h */ = {isa = PBXFileReference; lastKnownFileType = sourcecode.c.h; path = AppDelegate.h; sourceTree = "<group>"; };
		2ED5C0DF1A10A53D00C1F11B /* AppDelegate.m */ = {isa = PBXFileReference; lastKnownFileType = sourcecode.c.objc; path = AppDelegate.m; sourceTree = "<group>"; };
		2ED5C0E51A10A53D00C1F11B /* Base */ = {isa = PBXFileReference; lastKnownFileType = file.storyboard; name = Base; path = Base.lproj/Main.storyboard; sourceTree = "<group>"; };
		2ED5C0E71A10A53D00C1F11B /* Images.xcassets */ = {isa = PBXFileReference; lastKnownFileType = folder.assetcatalog; path = Images.xcassets; sourceTree = "<group>"; };
		2ED5C0EA1A10A53D00C1F11B /* Base */ = {isa = PBXFileReference; lastKnownFileType = file.xib; name = Base; path = Base.lproj/LaunchScreen.xib; sourceTree = "<group>"; };
		2ED5C0F01A10A53D00C1F11B /* NZScrollFullScreenTests.xctest */ = {isa = PBXFileReference; explicitFileType = wrapper.cfbundle; includeInIndex = 0; path = NZScrollFullScreenTests.xctest; sourceTree = BUILT_PRODUCTS_DIR; };
		2ED5C0F51A10A53D00C1F11B /* Info.plist */ = {isa = PBXFileReference; lastKnownFileType = text.plist.xml; path = Info.plist; sourceTree = "<group>"; };
		2ED5C0F61A10A53D00C1F11B /* NZScrollFullScreenTests.m */ = {isa = PBXFileReference; lastKnownFileType = sourcecode.c.objc; path = NZScrollFullScreenTests.m; sourceTree = "<group>"; };
		2ED5C1001A10A8DD00C1F11B /* TableSampleViewController.h */ = {isa = PBXFileReference; fileEncoding = 4; lastKnownFileType = sourcecode.c.h; path = TableSampleViewController.h; sourceTree = "<group>"; };
		2ED5C1011A10A8DD00C1F11B /* TableSampleViewController.m */ = {isa = PBXFileReference; fileEncoding = 4; lastKnownFileType = sourcecode.c.objc; path = TableSampleViewController.m; sourceTree = "<group>"; };
		2ED5C1031A10A8F700C1F11B /* ViewSampleViewController.h */ = {isa = PBXFileReference; fileEncoding = 4; lastKnownFileType = sourcecode.c.h; path = ViewSampleViewController.h; sourceTree = "<group>"; };
		2ED5C1041A10A8F700C1F11B /* ViewSampleViewController.m */ = {isa = PBXFileReference; fileEncoding = 4; lastKnownFileType = sourcecode.c.objc; path = ViewSampleViewController.m; sourceTree = "<group>"; };
		2ED5C10B1A10ABA400C1F11B /* HideNavViewController.h */ = {isa = PBXFileReference; fileEncoding = 4; lastKnownFileType = sourcecode.c.h; path = HideNavViewController.h; sourceTree = "<group>"; };
		2ED5C10C1A10ABA400C1F11B /* HideNavViewController.m */ = {isa = PBXFileReference; fileEncoding = 4; lastKnownFileType = sourcecode.c.objc; path = HideNavViewController.m; sourceTree = "<group>"; };
		2ED5C10D1A10ABA400C1F11B /* UITabBarController+hidable.h */ = {isa = PBXFileReference; fileEncoding = 4; lastKnownFileType = sourcecode.c.h; path = "UITabBarController+hidable.h"; sourceTree = "<group>"; };
		2ED5C10E1A10ABA400C1F11B /* UITabBarController+hidable.m */ = {isa = PBXFileReference; fileEncoding = 4; lastKnownFileType = sourcecode.c.objc; path = "UITabBarController+hidable.m"; sourceTree = "<group>"; };
/* End PBXFileReference section */

/* Begin PBXFrameworksBuildPhase section */
		2ED5C0D41A10A53D00C1F11B /* Frameworks */ = {
			isa = PBXFrameworksBuildPhase;
			buildActionMask = 2147483647;
			files = (
				2E29FB521A10ADD300BB457E /* CoreGraphics.framework in Frameworks */,
				2E29FB501A10ADCC00BB457E /* Foundation.framework in Frameworks */,
				2E29FB4E1A10ADC500BB457E /* UIKit.framework in Frameworks */,
			);
			runOnlyForDeploymentPostprocessing = 0;
		};
		2ED5C0ED1A10A53D00C1F11B /* Frameworks */ = {
			isa = PBXFrameworksBuildPhase;
			buildActionMask = 2147483647;
			files = (
			);
			runOnlyForDeploymentPostprocessing = 0;
		};
/* End PBXFrameworksBuildPhase section */

/* Begin PBXGroup section */
		2E29FB561A10C2AC00BB457E /* Resources */ = {
			isa = PBXGroup;
			children = (
				2E29FB571A10C2AC00BB457E /* icoTable@2x.png */,
				2E29FB581A10C2AC00BB457E /* icoView@2x.png */,
				2E29FB591A10C2AC00BB457E /* navigationbar_background_tall.png */,
				2E29FB5A1A10C2AC00BB457E /* navigationbar_background_tall@2x.png */,
			);
			path = Resources;
			sourceTree = "<group>";
		};
		2ED5C0CE1A10A53D00C1F11B = {
			isa = PBXGroup;
			children = (
				2ED5C0D91A10A53D00C1F11B /* NZScrollFullScreen */,
				2ED5C0F31A10A53D00C1F11B /* NZScrollFullScreenTests */,
				2ED5C0D81A10A53D00C1F11B /* Products */,
			);
			sourceTree = "<group>";
		};
		2ED5C0D81A10A53D00C1F11B /* Products */ = {
			isa = PBXGroup;
			children = (
				2ED5C0D71A10A53D00C1F11B /* NZScrollFullScreen.app */,
				2ED5C0F01A10A53D00C1F11B /* NZScrollFullScreenTests.xctest */,
			);
			name = Products;
			sourceTree = "<group>";
		};
		2ED5C0D91A10A53D00C1F11B /* NZScrollFullScreen */ = {
			isa = PBXGroup;
			children = (
				2E29FB561A10C2AC00BB457E /* Resources */,
				2ED5C10A1A10ABA400C1F11B /* HideTabbar */,
				2ED5C0DE1A10A53D00C1F11B /* AppDelegate.h */,
				2ED5C0DF1A10A53D00C1F11B /* AppDelegate.m */,
				2ED5C0E41A10A53D00C1F11B /* Main.storyboard */,
				2ED5C1001A10A8DD00C1F11B /* TableSampleViewController.h */,
				2ED5C1011A10A8DD00C1F11B /* TableSampleViewController.m */,
				2ED5C1031A10A8F700C1F11B /* ViewSampleViewController.h */,
				2ED5C1041A10A8F700C1F11B /* ViewSampleViewController.m */,
				2E29FB531A10C01000BB457E /* DetailViewController.h */,
				2E29FB541A10C01000BB457E /* DetailViewController.m */,
				2ED5C0E71A10A53D00C1F11B /* Images.xcassets */,
				2ED5C0E91A10A53D00C1F11B /* LaunchScreen.xib */,
				2ED5C0DA1A10A53D00C1F11B /* Supporting Files */,
			);
			path = NZScrollFullScreen;
			sourceTree = "<group>";
		};
		2ED5C0DA1A10A53D00C1F11B /* Supporting Files */ = {
			isa = PBXGroup;
			children = (
				2ED5C0DB1A10A53D00C1F11B /* Info.plist */,
				2ED5C0DC1A10A53D00C1F11B /* main.m */,
			);
			name = "Supporting Files";
			sourceTree = "<group>";
		};
		2ED5C0F31A10A53D00C1F11B /* NZScrollFullScreenTests */ = {
			isa = PBXGroup;
			children = (
				2ED5C0F61A10A53D00C1F11B /* NZScrollFullScreenTests.m */,
				2ED5C0F41A10A53D00C1F11B /* Supporting Files */,
			);
			path = NZScrollFullScreenTests;
			sourceTree = "<group>";
		};
		2ED5C0F41A10A53D00C1F11B /* Supporting Files */ = {
			isa = PBXGroup;
			children = (
				2E29FB511A10ADD300BB457E /* CoreGraphics.framework */,
				2E29FB4F1A10ADCC00BB457E /* Foundation.framework */,
				2E29FB4D1A10ADC500BB457E /* UIKit.framework */,
				2ED5C0F51A10A53D00C1F11B /* Info.plist */,
			);
			name = "Supporting Files";
			sourceTree = "<group>";
		};
		2ED5C10A1A10ABA400C1F11B /* HideTabbar */ = {
			isa = PBXGroup;
			children = (
				2ED5C10B1A10ABA400C1F11B /* HideNavViewController.h */,
				2ED5C10C1A10ABA400C1F11B /* HideNavViewController.m */,
				2ED5C10D1A10ABA400C1F11B /* UITabBarController+hidable.h */,
				2ED5C10E1A10ABA400C1F11B /* UITabBarController+hidable.m */,
			);
			path = HideTabbar;
			sourceTree = "<group>";
		};
/* End PBXGroup section */

/* Begin PBXNativeTarget section */
		2ED5C0D61A10A53D00C1F11B /* NZScrollFullScreen */ = {
			isa = PBXNativeTarget;
			buildConfigurationList = 2ED5C0FA1A10A53D00C1F11B /* Build configuration list for PBXNativeTarget "NZScrollFullScreen" */;
			buildPhases = (
				2ED5C0D31A10A53D00C1F11B /* Sources */,
				2ED5C0D41A10A53D00C1F11B /* Frameworks */,
				2ED5C0D51A10A53D00C1F11B /* Resources */,
			);
			buildRules = (
			);
			dependencies = (
			);
			name = NZScrollFullScreen;
			productName = NZScrollFullScreen;
			productReference = 2ED5C0D71A10A53D00C1F11B /* NZScrollFullScreen.app */;
			productType = "com.apple.product-type.application";
		};
		2ED5C0EF1A10A53D00C1F11B /* NZScrollFullScreenTests */ = {
			isa = PBXNativeTarget;
			buildConfigurationList = 2ED5C0FD1A10A53D00C1F11B /* Build configuration list for PBXNativeTarget "NZScrollFullScreenTests" */;
			buildPhases = (
				2ED5C0EC1A10A53D00C1F11B /* Sources */,
				2ED5C0ED1A10A53D00C1F11B /* Frameworks */,
				2ED5C0EE1A10A53D00C1F11B /* Resources */,
			);
			buildRules = (
			);
			dependencies = (
				2ED5C0F21A10A53D00C1F11B /* PBXTargetDependency */,
			);
			name = NZScrollFullScreenTests;
			productName = NZScrollFullScreenTests;
			productReference = 2ED5C0F01A10A53D00C1F11B /* NZScrollFullScreenTests.xctest */;
			productType = "com.apple.product-type.bundle.unit-test";
		};
/* End PBXNativeTarget section */

/* Begin PBXProject section */
		2ED5C0CF1A10A53D00C1F11B /* Project object */ = {
			isa = PBXProject;
			attributes = {
				LastUpgradeCheck = 0610;
				ORGANIZATIONNAME = "Nazrin Almi";
				TargetAttributes = {
					2ED5C0D61A10A53D00C1F11B = {
						CreatedOnToolsVersion = 6.1;
					};
					2ED5C0EF1A10A53D00C1F11B = {
						CreatedOnToolsVersion = 6.1;
						TestTargetID = 2ED5C0D61A10A53D00C1F11B;
					};
				};
			};
			buildConfigurationList = 2ED5C0D21A10A53D00C1F11B /* Build configuration list for PBXProject "NZScrollFullScreen" */;
			compatibilityVersion = "Xcode 3.2";
			developmentRegion = English;
			hasScannedForEncodings = 0;
			knownRegions = (
				en,
				Base,
			);
			mainGroup = 2ED5C0CE1A10A53D00C1F11B;
			productRefGroup = 2ED5C0D81A10A53D00C1F11B /* Products */;
			projectDirPath = "";
			projectRoot = "";
			targets = (
				2ED5C0D61A10A53D00C1F11B /* NZScrollFullScreen */,
				2ED5C0EF1A10A53D00C1F11B /* NZScrollFullScreenTests */,
			);
		};
/* End PBXProject section */

/* Begin PBXResourcesBuildPhase section */
		2ED5C0D51A10A53D00C1F11B /* Resources */ = {
			isa = PBXResourcesBuildPhase;
			buildActionMask = 2147483647;
			files = (
				2E29FB5D1A10C2AC00BB457E /* navigationbar_background_tall.png in Resources */,
				2ED5C0E61A10A53D00C1F11B /* Main.storyboard in Resources */,
				2ED5C0EB1A10A53D00C1F11B /* LaunchScreen.xib in Resources */,
				2ED5C0E81A10A53D00C1F11B /* Images.xcassets in Resources */,
				2E29FB5E1A10C2AC00BB457E /* navigationbar_background_tall@2x.png in Resources */,
				2E29FB5B1A10C2AC00BB457E /* icoTable@2x.png in Resources */,
				2E29FB5C1A10C2AC00BB457E /* icoView@2x.png in Resources */,
			);
			runOnlyForDeploymentPostprocessing = 0;
		};
		2ED5C0EE1A10A53D00C1F11B /* Resources */ = {
			isa = PBXResourcesBuildPhase;
			buildActionMask = 2147483647;
			files = (
			);
			runOnlyForDeploymentPostprocessing = 0;
		};
/* End PBXResourcesBuildPhase section */

/* Begin PBXSourcesBuildPhase section */
		2ED5C0D31A10A53D00C1F11B /* Sources */ = {
			isa = PBXSourcesBuildPhase;
			buildActionMask = 2147483647;
			files = (
				2ED5C0E01A10A53D00C1F11B /* AppDelegate.m in Sources */,
				2ED5C1051A10A8F700C1F11B /* ViewSampleViewController.m in Sources */,
				2ED5C1021A10A8DD00C1F11B /* TableSampleViewController.m in Sources */,
				2ED5C0DD1A10A53D00C1F11B /* main.m in Sources */,
				2ED5C10F1A10ABA400C1F11B /* HideNavViewController.m in Sources */,
				2ED5C1101A10ABA400C1F11B /* UITabBarController+hidable.m in Sources */,
				2E29FB551A10C01000BB457E /* DetailViewController.m in Sources */,
			);
			runOnlyForDeploymentPostprocessing = 0;
		};
		2ED5C0EC1A10A53D00C1F11B /* Sources */ = {
			isa = PBXSourcesBuildPhase;
			buildActionMask = 2147483647;
			files = (
				2ED5C0F71A10A53D00C1F11B /* NZScrollFullScreenTests.m in Sources */,
			);
			runOnlyForDeploymentPostprocessing = 0;
		};
/* End PBXSourcesBuildPhase section */

/* Begin PBXTargetDependency section */
		2ED5C0F21A10A53D00C1F11B /* PBXTargetDependency */ = {
			isa = PBXTargetDependency;
			target = 2ED5C0D61A10A53D00C1F11B /* NZScrollFullScreen */;
			targetProxy = 2ED5C0F11A10A53D00C1F11B /* PBXContainerItemProxy */;
		};
/* End PBXTargetDependency section */

/* Begin PBXVariantGroup section */
		2ED5C0E41A10A53D00C1F11B /* Main.storyboard */ = {
			isa = PBXVariantGroup;
			children = (
				2ED5C0E51A10A53D00C1F11B /* Base */,
			);
			name = Main.storyboard;
			sourceTree = "<group>";
		};
		2ED5C0E91A10A53D00C1F11B /* LaunchScreen.xib */ = {
			isa = PBXVariantGroup;
			children = (
				2ED5C0EA1A10A53D00C1F11B /* Base */,
			);
			name = LaunchScreen.xib;
			sourceTree = "<group>";
		};
/* End PBXVariantGroup section */

/* Begin XCBuildConfiguration section */
		2ED5C0F81A10A53D00C1F11B /* Debug */ = {
			isa = XCBuildConfiguration;
			buildSettings = {
				ALWAYS_SEARCH_USER_PATHS = NO;
				CLANG_CXX_LANGUAGE_STANDARD = "gnu++0x";
				CLANG_CXX_LIBRARY = "libc++";
				CLANG_ENABLE_MODULES = YES;
				CLANG_ENABLE_OBJC_ARC = YES;
				CLANG_WARN_BOOL_CONVERSION = YES;
				CLANG_WARN_CONSTANT_CONVERSION = YES;
				CLANG_WARN_DIRECT_OBJC_ISA_USAGE = YES_ERROR;
				CLANG_WARN_EMPTY_BODY = YES;
				CLANG_WARN_ENUM_CONVERSION = YES;
				CLANG_WARN_INT_CONVERSION = YES;
				CLANG_WARN_OBJC_ROOT_CLASS = YES_ERROR;
				CLANG_WARN_UNREACHABLE_CODE = YES;
				CLANG_WARN__DUPLICATE_METHOD_MATCH = YES;
				"CODE_SIGN_IDENTITY[sdk=iphoneos*]" = "iPhone Developer";
				COPY_PHASE_STRIP = NO;
				ENABLE_STRICT_OBJC_MSGSEND = YES;
				GCC_C_LANGUAGE_STANDARD = gnu99;
				GCC_DYNAMIC_NO_PIC = NO;
				GCC_OPTIMIZATION_LEVEL = 0;
				GCC_PREPROCESSOR_DEFINITIONS = (
					"DEBUG=1",
					"$(inherited)",
				);
				GCC_SYMBOLS_PRIVATE_EXTERN = NO;
				GCC_WARN_64_TO_32_BIT_CONVERSION = YES;
				GCC_WARN_ABOUT_RETURN_TYPE = YES_ERROR;
				GCC_WARN_UNDECLARED_SELECTOR = YES;
				GCC_WARN_UNINITIALIZED_AUTOS = YES_AGGRESSIVE;
				GCC_WARN_UNUSED_FUNCTION = YES;
				GCC_WARN_UNUSED_VARIABLE = YES;
				IPHONEOS_DEPLOYMENT_TARGET = 8.1;
				MTL_ENABLE_DEBUG_INFO = YES;
				ONLY_ACTIVE_ARCH = YES;
				SDKROOT = iphoneos;
			};
			name = Debug;
		};
		2ED5C0F91A10A53D00C1F11B /* Release */ = {
			isa = XCBuildConfiguration;
			buildSettings = {
				ALWAYS_SEARCH_USER_PATHS = NO;
				CLANG_CXX_LANGUAGE_STANDARD = "gnu++0x";
				CLANG_CXX_LIBRARY = "libc++";
				CLANG_ENABLE_MODULES = YES;
				CLANG_ENABLE_OBJC_ARC = YES;
				CLANG_WARN_BOOL_CONVERSION = YES;
				CLANG_WARN_CONSTANT_CONVERSION = YES;
				CLANG_WARN_DIRECT_OBJC_ISA_USAGE = YES_ERROR;
				CLANG_WARN_EMPTY_BODY = YES;
				CLANG_WARN_ENUM_CONVERSION = YES;
				CLANG_WARN_INT_CONVERSION = YES;
				CLANG_WARN_OBJC_ROOT_CLASS = YES_ERROR;
				CLANG_WARN_UNREACHABLE_CODE = YES;
				CLANG_WARN__DUPLICATE_METHOD_MATCH = YES;
				"CODE_SIGN_IDENTITY[sdk=iphoneos*]" = "iPhone Developer";
				COPY_PHASE_STRIP = YES;
				ENABLE_NS_ASSERTIONS = NO;
				ENABLE_STRICT_OBJC_MSGSEND = YES;
				GCC_C_LANGUAGE_STANDARD = gnu99;
				GCC_WARN_64_TO_32_BIT_CONVERSION = YES;
				GCC_WARN_ABOUT_RETURN_TYPE = YES_ERROR;
				GCC_WARN_UNDECLARED_SELECTOR = YES;
				GCC_WARN_UNINITIALIZED_AUTOS = YES_AGGRESSIVE;
				GCC_WARN_UNUSED_FUNCTION = YES;
				GCC_WARN_UNUSED_VARIABLE = YES;
				IPHONEOS_DEPLOYMENT_TARGET = 8.1;
				MTL_ENABLE_DEBUG_INFO = NO;
				SDKROOT = iphoneos;
				VALIDATE_PRODUCT = YES;
			};
			name = Release;
		};
		2ED5C0FB1A10A53D00C1F11B /* Debug */ = {
			isa = XCBuildConfiguration;
			buildSettings = {
				ASSETCATALOG_COMPILER_APPICON_NAME = AppIcon;
				ASSETCATALOG_COMPILER_LAUNCHIMAGE_NAME = LaunchImage;
				INFOPLIST_FILE = NZScrollFullScreen/Info.plist;
				IPHONEOS_DEPLOYMENT_TARGET = 7.0;
				LD_RUNPATH_SEARCH_PATHS = "$(inherited) @executable_path/Frameworks";
				PRODUCT_NAME = "$(TARGET_NAME)";
			};
			name = Debug;
		};
		2ED5C0FC1A10A53D00C1F11B /* Release */ = {
			isa = XCBuildConfiguration;
			buildSettings = {
				ASSETCATALOG_COMPILER_APPICON_NAME = AppIcon;
				ASSETCATALOG_COMPILER_LAUNCHIMAGE_NAME = LaunchImage;
				INFOPLIST_FILE = NZScrollFullScreen/Info.plist;
				IPHONEOS_DEPLOYMENT_TARGET = 7.0;
				LD_RUNPATH_SEARCH_PATHS = "$(inherited) @executable_path/Frameworks";
				PRODUCT_NAME = "$(TARGET_NAME)";
			};
			name = Release;
		};
		2ED5C0FE1A10A53D00C1F11B /* Debug */ = {
			isa = XCBuildConfiguration;
			buildSettings = {
				BUNDLE_LOADER = "$(TEST_HOST)";
				FRAMEWORK_SEARCH_PATHS = (
					"$(SDKROOT)/Developer/Library/Frameworks",
					"$(inherited)",
				);
				GCC_PREPROCESSOR_DEFINITIONS = (
					"DEBUG=1",
					"$(inherited)",
				);
				INFOPLIST_FILE = NZScrollFullScreenTests/Info.plist;
				LD_RUNPATH_SEARCH_PATHS = "$(inherited) @executable_path/Frameworks @loader_path/Frameworks";
				PRODUCT_NAME = "$(TARGET_NAME)";
				TEST_HOST = "$(BUILT_PRODUCTS_DIR)/NZScrollFullScreen.app/NZScrollFullScreen";
			};
			name = Debug;
		};
		2ED5C0FF1A10A53D00C1F11B /* Release */ = {
			isa = XCBuildConfiguration;
			buildSettings = {
				BUNDLE_LOADER = "$(TEST_HOST)";
				FRAMEWORK_SEARCH_PATHS = (
					"$(SDKROOT)/Developer/Library/Frameworks",
					"$(inherited)",
				);
				INFOPLIST_FILE = NZScrollFullScreenTests/Info.plist;
				LD_RUNPATH_SEARCH_PATHS = "$(inherited) @executable_path/Frameworks @loader_path/Frameworks";
				PRODUCT_NAME = "$(TARGET_NAME)";
				TEST_HOST = "$(BUILT_PRODUCTS_DIR)/NZScrollFullScreen.app/NZScrollFullScreen";
			};
			name = Release;
		};
/* End XCBuildConfiguration section */

/* Begin XCConfigurationList section */
		2ED5C0D21A10A53D00C1F11B /* Build configuration list for PBXProject "NZScrollFullScreen" */ = {
			isa = XCConfigurationList;
			buildConfigurations = (
				2ED5C0F81A10A53D00C1F11B /* Debug */,
				2ED5C0F91A10A53D00C1F11B /* Release */,
			);
			defaultConfigurationIsVisible = 0;
			defaultConfigurationName = Release;
		};
		2ED5C0FA1A10A53D00C1F11B /* Build configuration list for PBXNativeTarget "NZScrollFullScreen" */ = {
			isa = XCConfigurationList;
			buildConfigurations = (
				2ED5C0FB1A10A53D00C1F11B /* Debug */,
				2ED5C0FC1A10A53D00C1F11B /* Release */,
			);
			defaultConfigurationIsVisible = 0;
			defaultConfigurationName = Release;
		};
		2ED5C0FD1A10A53D00C1F11B /* Build configuration list for PBXNativeTarget "NZScrollFullScreenTests" */ = {
			isa = XCConfigurationList;
			buildConfigurations = (
				2ED5C0FE1A10A53D00C1F11B /* Debug */,
				2ED5C0FF1A10A53D00C1F11B /* Release */,
			);
			defaultConfigurationIsVisible = 0;
			defaultConfigurationName = Release;
		};
/* End XCConfigurationList section */
	};
	rootObject = 2ED5C0CF1A10A53D00C1F11B /* Project object */;
}
